
Microsoft Visual Studio Solution File, Format Version 12.00
# Visual Studio 15
VisualStudioVersion = 15.0.28307.1972
MinimumVisualStudioVersion = 10.0.40219.1
Project("{FAE04EC0-301F-11D3-BF4B-00C04F79EFBC}") = "WindowsFormsApp5", "WindowsFormsApp5\WindowsFormsApp5.csproj", "{236DA01C-CE34-415A-9014-3C7918344D9D}"
EndProject
Global
	GlobalSection(SolutionConfigurationPlatforms) = preSolution
		Debug|Any CPU = Debug|Any CPU
		Release|Any CPU = Release|Any CPU
	EndGlobalSection
	GlobalSection(ProjectConfigurationPlatforms) = postSolution
		{236DA01C-CE34-415A-9014-3C7918344D9D}.Debug|Any CPU.ActiveCfg = Debug|Any CPU
		{236DA01C-CE34-415A-9014-3C7918344D9D}.Debug|Any CPU.Build.0 = Debug|Any CPU
		{236DA01C-CE34-415A-9014-3C7918344D9D}.Release|Any CPU.ActiveCfg = Release|Any CPU
		{236DA01C-CE34-415A-9014-3C7918344D9D}.Release|Any CPU.Build.0 = Release|Any CPU
	EndGlobalSection
	GlobalSection(SolutionProperties) = preSolution
		HideSolutionNode = FALSE
	EndGlobalSection
	GlobalSection(ExtensibilityGlobals) = postSolution
		SolutionGuid = {41282186-7544-466E-BC29-CC198AB991F8}
	EndGlobalSection
EndGlobal
